// !$*UTF8*$!
{
	archiveVersion = 1;
	classes = {
	};
	objectVersion = 55;
	objects = {

/* Begin PBXBuildFile section */
		5A56199128449E5600A4259A /* 1. onReceive.swift in Sources */ = {isa = PBXBuildFile; fileRef = 5A56199028449E5600A4259A /* 1. onReceive.swift */; };
		5A56199228449E5600A4259A /* 1. onReceive.swift in Sources */ = {isa = PBXBuildFile; fileRef = 5A56199028449E5600A4259A /* 1. onReceive.swift */; };
		5A5619942844A2FF00A4259A /* 2. bindingToSubView.swift in Sources */ = {isa = PBXBuildFile; fileRef = 5A5619932844A2FF00A4259A /* 2. bindingToSubView.swift */; };
		5A5619952844A2FF00A4259A /* 2. bindingToSubView.swift in Sources */ = {isa = PBXBuildFile; fileRef = 5A5619932844A2FF00A4259A /* 2. bindingToSubView.swift */; };
		5AE14393282217C200BC0E60 /* Tests_iOS.swift in Sources */ = {isa = PBXBuildFile; fileRef = 5AE14392282217C200BC0E60 /* Tests_iOS.swift */; };
		5AE14395282217C200BC0E60 /* Tests_iOSLaunchTests.swift in Sources */ = {isa = PBXBuildFile; fileRef = 5AE14394282217C200BC0E60 /* Tests_iOSLaunchTests.swift */; };
		5AE1439F282217C200BC0E60 /* Tests_macOS.swift in Sources */ = {isa = PBXBuildFile; fileRef = 5AE1439E282217C200BC0E60 /* Tests_macOS.swift */; };
		5AE143A1282217C200BC0E60 /* Tests_macOSLaunchTests.swift in Sources */ = {isa = PBXBuildFile; fileRef = 5AE143A0282217C200BC0E60 /* Tests_macOSLaunchTests.swift */; };
		5AE143A2282217C200BC0E60 /* SwiftUI_PracticeApp.swift in Sources */ = {isa = PBXBuildFile; fileRef = 5AE1437A282217C100BC0E60 /* SwiftUI_PracticeApp.swift */; };
		5AE143A3282217C200BC0E60 /* SwiftUI_PracticeApp.swift in Sources */ = {isa = PBXBuildFile; fileRef = 5AE1437A282217C100BC0E60 /* SwiftUI_PracticeApp.swift */; };
		5AE143A6282217C200BC0E60 /* Assets.xcassets in Resources */ = {isa = PBXBuildFile; fileRef = 5AE1437C282217C200BC0E60 /* Assets.xcassets */; };
		5AE143A7282217C200BC0E60 /* Assets.xcassets in Resources */ = {isa = PBXBuildFile; fileRef = 5AE1437C282217C200BC0E60 /* Assets.xcassets */; };
/* End PBXBuildFile section */

/* Begin PBXContainerItemProxy section */
		5AE1438F282217C200BC0E60 /* PBXContainerItemProxy */ = {
			isa = PBXContainerItemProxy;
			containerPortal = 5AE14375282217C100BC0E60 /* Project object */;
			proxyType = 1;
			remoteGlobalIDString = 5AE14380282217C200BC0E60;
			remoteInfo = "SwiftUI_Practice (iOS)";
		};
		5AE1439B282217C200BC0E60 /* PBXContainerItemProxy */ = {
			isa = PBXContainerItemProxy;
			containerPortal = 5AE14375282217C100BC0E60 /* Project object */;
			proxyType = 1;
			remoteGlobalIDString = 5AE14386282217C200BC0E60;
			remoteInfo = "SwiftUI_Practice (macOS)";
		};
/* End PBXContainerItemProxy section */

/* Begin PBXFileReference section */
		5A56199028449E5600A4259A /* 1. onReceive.swift */ = {isa = PBXFileReference; lastKnownFileType = sourcecode.swift; path = "1. onReceive.swift"; sourceTree = "<group>"; };
		5A5619932844A2FF00A4259A /* 2. bindingToSubView.swift */ = {isa = PBXFileReference; lastKnownFileType = sourcecode.swift; path = "2. bindingToSubView.swift"; sourceTree = "<group>"; };
		5AE1437A282217C100BC0E60 /* SwiftUI_PracticeApp.swift */ = {isa = PBXFileReference; lastKnownFileType = sourcecode.swift; path = SwiftUI_PracticeApp.swift; sourceTree = "<group>"; };
		5AE1437C282217C200BC0E60 /* Assets.xcassets */ = {isa = PBXFileReference; lastKnownFileType = folder.assetcatalog; path = Assets.xcassets; sourceTree = "<group>"; };
		5AE14381282217C200BC0E60 /* SwiftUI_Practice.app */ = {isa = PBXFileReference; explicitFileType = wrapper.application; includeInIndex = 0; path = SwiftUI_Practice.app; sourceTree = BUILT_PRODUCTS_DIR; };
		5AE14387282217C200BC0E60 /* SwiftUI_Practice.app */ = {isa = PBXFileReference; explicitFileType = wrapper.application; includeInIndex = 0; path = SwiftUI_Practice.app; sourceTree = BUILT_PRODUCTS_DIR; };
		5AE14389282217C200BC0E60 /* macOS.entitlements */ = {isa = PBXFileReference; lastKnownFileType = text.plist.entitlements; path = macOS.entitlements; sourceTree = "<group>"; };
		5AE1438E282217C200BC0E60 /* Tests iOS.xctest */ = {isa = PBXFileReference; explicitFileType = wrapper.cfbundle; includeInIndex = 0; path = "Tests iOS.xctest"; sourceTree = BUILT_PRODUCTS_DIR; };
		5AE14392282217C200BC0E60 /* Tests_iOS.swift */ = {isa = PBXFileReference; lastKnownFileType = sourcecode.swift; path = Tests_iOS.swift; sourceTree = "<group>"; };
		5AE14394282217C200BC0E60 /* Tests_iOSLaunchTests.swift */ = {isa = PBXFileReference; lastKnownFileType = sourcecode.swift; path = Tests_iOSLaunchTests.swift; sourceTree = "<group>"; };
		5AE1439A282217C200BC0E60 /* Tests macOS.xctest */ = {isa = PBXFileReference; explicitFileType = wrapper.cfbundle; includeInIndex = 0; path = "Tests macOS.xctest"; sourceTree = BUILT_PRODUCTS_DIR; };
		5AE1439E282217C200BC0E60 /* Tests_macOS.swift */ = {isa = PBXFileReference; lastKnownFileType = sourcecode.swift; path = Tests_macOS.swift; sourceTree = "<group>"; };
		5AE143A0282217C200BC0E60 /* Tests_macOSLaunchTests.swift */ = {isa = PBXFileReference; lastKnownFileType = sourcecode.swift; path = Tests_macOSLaunchTests.swift; sourceTree = "<group>"; };
/* End PBXFileReference section */

/* Begin PBXFrameworksBuildPhase section */
		5AE1437E282217C200BC0E60 /* Frameworks */ = {
			isa = PBXFrameworksBuildPhase;
			buildActionMask = 2147483647;
			files = (
			);
			runOnlyForDeploymentPostprocessing = 0;
		};
		5AE14384282217C200BC0E60 /* Frameworks */ = {
			isa = PBXFrameworksBuildPhase;
			buildActionMask = 2147483647;
			files = (
			);
			runOnlyForDeploymentPostprocessing = 0;
		};
		5AE1438B282217C200BC0E60 /* Frameworks */ = {
			isa = PBXFrameworksBuildPhase;
			buildActionMask = 2147483647;
			files = (
			);
			runOnlyForDeploymentPostprocessing = 0;
		};
		5AE14397282217C200BC0E60 /* Frameworks */ = {
			isa = PBXFrameworksBuildPhase;
			buildActionMask = 2147483647;
			files = (
			);
			runOnlyForDeploymentPostprocessing = 0;
		};
/* End PBXFrameworksBuildPhase section */

/* Begin PBXGroup section */
		5AE14374282217C100BC0E60 = {
			isa = PBXGroup;
			children = (
				5AE14379282217C100BC0E60 /* Shared */,
				5AE14388282217C200BC0E60 /* macOS */,
				5AE14391282217C200BC0E60 /* Tests iOS */,
				5AE1439D282217C200BC0E60 /* Tests macOS */,
				5AE14382282217C200BC0E60 /* Products */,
			);
			sourceTree = "<group>";
		};
		5AE14379282217C100BC0E60 /* Shared */ = {
			isa = PBXGroup;
			children = (
				5AE1437A282217C100BC0E60 /* SwiftUI_PracticeApp.swift */,
				5A56199028449E5600A4259A /* 1. onReceive.swift */,
				5A5619932844A2FF00A4259A /* 2. bindingToSubView.swift */,
				5AE1437C282217C200BC0E60 /* Assets.xcassets */,
			);
			path = Shared;
			sourceTree = "<group>";
		};
		5AE14382282217C200BC0E60 /* Products */ = {
			isa = PBXGroup;
			children = (
				5AE14381282217C200BC0E60 /* SwiftUI_Practice.app */,
				5AE14387282217C200BC0E60 /* SwiftUI_Practice.app */,
				5AE1438E282217C200BC0E60 /* Tests iOS.xctest */,
				5AE1439A282217C200BC0E60 /* Tests macOS.xctest */,
			);
			name = Products;
			sourceTree = "<group>";
		};
		5AE14388282217C200BC0E60 /* macOS */ = {
			isa = PBXGroup;
			children = (
				5AE14389282217C200BC0E60 /* macOS.entitlements */,
			);
			path = macOS;
			sourceTree = "<group>";
		};
		5AE14391282217C200BC0E60 /* Tests iOS */ = {
			isa = PBXGroup;
			children = (
				5AE14392282217C200BC0E60 /* Tests_iOS.swift */,
				5AE14394282217C200BC0E60 /* Tests_iOSLaunchTests.swift */,
			);
			path = "Tests iOS";
			sourceTree = "<group>";
		};
		5AE1439D282217C200BC0E60 /* Tests macOS */ = {
			isa = PBXGroup;
			children = (
				5AE1439E282217C200BC0E60 /* Tests_macOS.swift */,
				5AE143A0282217C200BC0E60 /* Tests_macOSLaunchTests.swift */,
			);
			path = "Tests macOS";
			sourceTree = "<group>";
		};
/* End PBXGroup section */

/* Begin PBXNativeTarget section */
		5AE14380282217C200BC0E60 /* SwiftUI_Practice (iOS) */ = {
			isa = PBXNativeTarget;
			buildConfigurationList = 5AE143AA282217C200BC0E60 /* Build configuration list for PBXNativeTarget "SwiftUI_Practice (iOS)" */;
			buildPhases = (
				5AE1437D282217C200BC0E60 /* Sources */,
				5AE1437E282217C200BC0E60 /* Frameworks */,
				5AE1437F282217C200BC0E60 /* Resources */,
			);
			buildRules = (
			);
			dependencies = (
			);
			name = "SwiftUI_Practice (iOS)";
			productName = "SwiftUI_Practice (iOS)";
			productReference = 5AE14381282217C200BC0E60 /* SwiftUI_Practice.app */;
			productType = "com.apple.product-type.application";
		};
		5AE14386282217C200BC0E60 /* SwiftUI_Practice (macOS) */ = {
			isa = PBXNativeTarget;
			buildConfigurationList = 5AE143AD282217C200BC0E60 /* Build configuration list for PBXNativeTarget "SwiftUI_Practice (macOS)" */;
			buildPhases = (
				5AE14383282217C200BC0E60 /* Sources */,
				5AE14384282217C200BC0E60 /* Frameworks */,
				5AE14385282217C200BC0E60 /* Resources */,
			);
			buildRules = (
			);
			dependencies = (
			);
			name = "SwiftUI_Practice (macOS)";
			productName = "SwiftUI_Practice (macOS)";
			productReference = 5AE14387282217C200BC0E60 /* SwiftUI_Practice.app */;
			productType = "com.apple.product-type.application";
		};
		5AE1438D282217C200BC0E60 /* Tests iOS */ = {
			isa = PBXNativeTarget;
			buildConfigurationList = 5AE143B0282217C200BC0E60 /* Build configuration list for PBXNativeTarget "Tests iOS" */;
			buildPhases = (
				5AE1438A282217C200BC0E60 /* Sources */,
				5AE1438B282217C200BC0E60 /* Frameworks */,
				5AE1438C282217C200BC0E60 /* Resources */,
			);
			buildRules = (
			);
			dependencies = (
				5AE14390282217C200BC0E60 /* PBXTargetDependency */,
			);
			name = "Tests iOS";
			productName = "Tests iOS";
			productReference = 5AE1438E282217C200BC0E60 /* Tests iOS.xctest */;
			productType = "com.apple.product-type.bundle.ui-testing";
		};
		5AE14399282217C200BC0E60 /* Tests macOS */ = {
			isa = PBXNativeTarget;
			buildConfigurationList = 5AE143B3282217C200BC0E60 /* Build configuration list for PBXNativeTarget "Tests macOS" */;
			buildPhases = (
				5AE14396282217C200BC0E60 /* Sources */,
				5AE14397282217C200BC0E60 /* Frameworks */,
				5AE14398282217C200BC0E60 /* Resources */,
			);
			buildRules = (
			);
			dependencies = (
				5AE1439C282217C200BC0E60 /* PBXTargetDependency */,
			);
			name = "Tests macOS";
			productName = "Tests macOS";
			productReference = 5AE1439A282217C200BC0E60 /* Tests macOS.xctest */;
			productType = "com.apple.product-type.bundle.ui-testing";
		};
/* End PBXNativeTarget section */

/* Begin PBXProject section */
		5AE14375282217C100BC0E60 /* Project object */ = {
			isa = PBXProject;
			attributes = {
				BuildIndependentTargetsInParallel = 1;
				LastSwiftUpdateCheck = 1330;
				LastUpgradeCheck = 1330;
				TargetAttributes = {
					5AE14380282217C200BC0E60 = {
						CreatedOnToolsVersion = 13.3.1;
					};
					5AE14386282217C200BC0E60 = {
						CreatedOnToolsVersion = 13.3.1;
					};
					5AE1438D282217C200BC0E60 = {
						CreatedOnToolsVersion = 13.3.1;
						TestTargetID = 5AE14380282217C200BC0E60;
					};
					5AE14399282217C200BC0E60 = {
						CreatedOnToolsVersion = 13.3.1;
						TestTargetID = 5AE14386282217C200BC0E60;
					};
				};
			};
			buildConfigurationList = 5AE14378282217C100BC0E60 /* Build configuration list for PBXProject "SwiftUI_Practice" */;
			compatibilityVersion = "Xcode 13.0";
			developmentRegion = en;
			hasScannedForEncodings = 0;
			knownRegions = (
				en,
				Base,
			);
			mainGroup = 5AE14374282217C100BC0E60;
			productRefGroup = 5AE14382282217C200BC0E60 /* Products */;
			projectDirPath = "";
			projectRoot = "";
			targets = (
				5AE14380282217C200BC0E60 /* SwiftUI_Practice (iOS) */,
				5AE14386282217C200BC0E60 /* SwiftUI_Practice (macOS) */,
				5AE1438D282217C200BC0E60 /* Tests iOS */,
				5AE14399282217C200BC0E60 /* Tests macOS */,
			);
		};
/* End PBXProject section */

/* Begin PBXResourcesBuildPhase section */
		5AE1437F282217C200BC0E60 /* Resources */ = {
			isa = PBXResourcesBuildPhase;
			buildActionMask = 2147483647;
			files = (
				5AE143A6282217C200BC0E60 /* Assets.xcassets in Resources */,
			);
			runOnlyForDeploymentPostprocessing = 0;
		};
		5AE14385282217C200BC0E60 /* Resources */ = {
			isa = PBXResourcesBuildPhase;
			buildActionMask = 2147483647;
			files = (
				5AE143A7282217C200BC0E60 /* Assets.xcassets in Resources */,
			);
			runOnlyForDeploymentPostprocessing = 0;
		};
		5AE1438C282217C200BC0E60 /* Resources */ = {
			isa = PBXResourcesBuildPhase;
			buildActionMask = 2147483647;
			files = (
			);
			runOnlyForDeploymentPostprocessing = 0;
		};
		5AE14398282217C200BC0E60 /* Resources */ = {
			isa = PBXResourcesBuildPhase;
			buildActionMask = 2147483647;
			files = (
			);
			runOnlyForDeploymentPostprocessing = 0;
		};
/* End PBXResourcesBuildPhase section */

/* Begin PBXSourcesBuildPhase section */
		5AE1437D282217C200BC0E60 /* Sources */ = {
			isa = PBXSourcesBuildPhase;
			buildActionMask = 2147483647;
			files = (
				5A56199128449E5600A4259A /* 1. onReceive.swift in Sources */,
				5A5619942844A2FF00A4259A /* 2. bindingToSubView.swift in Sources */,
				5AE143A2282217C200BC0E60 /* SwiftUI_PracticeApp.swift in Sources */,
			);
			runOnlyForDeploymentPostprocessing = 0;
		};
		5AE14383282217C200BC0E60 /* Sources */ = {
			isa = PBXSourcesBuildPhase;
			buildActionMask = 2147483647;
			files = (
				5A56199228449E5600A4259A /* 1. onReceive.swift in Sources */,
				5A5619952844A2FF00A4259A /* 2. bindingToSubView.swift in Sources */,
				5AE143A3282217C200BC0E60 /* SwiftUI_PracticeApp.swift in Sources */,
			);
			runOnlyForDeploymentPostprocessing = 0;
		};
		5AE1438A282217C200BC0E60 /* Sources */ = {
			isa = PBXSourcesBuildPhase;
			buildActionMask = 2147483647;
			files = (
				5AE14395282217C200BC0E60 /* Tests_iOSLaunchTests.swift in Sources */,
				5AE14393282217C200BC0E60 /* Tests_iOS.swift in Sources */,
			);
			runOnlyForDeploymentPostprocessing = 0;
		};
		5AE14396282217C200BC0E60 /* Sources */ = {
			isa = PBXSourcesBuildPhase;
			buildActionMask = 2147483647;
			files = (
				5AE143A1282217C200BC0E60 /* Tests_macOSLaunchTests.swift in Sources */,
				5AE1439F282217C200BC0E60 /* Tests_macOS.swift in Sources */,
			);
			runOnlyForDeploymentPostprocessing = 0;
		};
/* End PBXSourcesBuildPhase section */

/* Begin PBXTargetDependency section */
		5AE14390282217C200BC0E60 /* PBXTargetDependency */ = {
			isa = PBXTargetDependency;
			target = 5AE14380282217C200BC0E60 /* SwiftUI_Practice (iOS) */;
			targetProxy = 5AE1438F282217C200BC0E60 /* PBXContainerItemProxy */;
		};
		5AE1439C282217C200BC0E60 /* PBXTargetDependency */ = {
			isa = PBXTargetDependency;
			target = 5AE14386282217C200BC0E60 /* SwiftUI_Practice (macOS) */;
			targetProxy = 5AE1439B282217C200BC0E60 /* PBXContainerItemProxy */;
		};
/* End PBXTargetDependency section */

/* Begin XCBuildConfiguration section */
		5AE143A8282217C200BC0E60 /* Debug */ = {
			isa = XCBuildConfiguration;
			buildSettings = {
				ALWAYS_SEARCH_USER_PATHS = NO;
				CLANG_ANALYZER_NONNULL = YES;
				CLANG_ANALYZER_NUMBER_OBJECT_CONVERSION = YES_AGGRESSIVE;
				CLANG_CXX_LANGUAGE_STANDARD = "gnu++17";
				CLANG_ENABLE_MODULES = YES;
				CLANG_ENABLE_OBJC_ARC = YES;
				CLANG_ENABLE_OBJC_WEAK = YES;
				CLANG_WARN_BLOCK_CAPTURE_AUTORELEASING = YES;
				CLANG_WARN_BOOL_CONVERSION = YES;
				CLANG_WARN_COMMA = YES;
				CLANG_WARN_CONSTANT_CONVERSION = YES;
				CLANG_WARN_DEPRECATED_OBJC_IMPLEMENTATIONS = YES;
				CLANG_WARN_DIRECT_OBJC_ISA_USAGE = YES_ERROR;
				CLANG_WARN_DOCUMENTATION_COMMENTS = YES;
				CLANG_WARN_EMPTY_BODY = YES;
				CLANG_WARN_ENUM_CONVERSION = YES;
				CLANG_WARN_INFINITE_RECURSION = YES;
				CLANG_WARN_INT_CONVERSION = YES;
				CLANG_WARN_NON_LITERAL_NULL_CONVERSION = YES;
				CLANG_WARN_OBJC_IMPLICIT_RETAIN_SELF = YES;
				CLANG_WARN_OBJC_LITERAL_CONVERSION = YES;
				CLANG_WARN_OBJC_ROOT_CLASS = YES_ERROR;
				CLANG_WARN_QUOTED_INCLUDE_IN_FRAMEWORK_HEADER = YES;
				CLANG_WARN_RANGE_LOOP_ANALYSIS = YES;
				CLANG_WARN_STRICT_PROTOTYPES = YES;
				CLANG_WARN_SUSPICIOUS_MOVE = YES;
				CLANG_WARN_UNGUARDED_AVAILABILITY = YES_AGGRESSIVE;
				CLANG_WARN_UNREACHABLE_CODE = YES;
				CLANG_WARN__DUPLICATE_METHOD_MATCH = YES;
				COPY_PHASE_STRIP = NO;
				DEBUG_INFORMATION_FORMAT = dwarf;
				ENABLE_STRICT_OBJC_MSGSEND = YES;
				ENABLE_TESTABILITY = YES;
				GCC_C_LANGUAGE_STANDARD = gnu11;
				GCC_DYNAMIC_NO_PIC = NO;
				GCC_NO_COMMON_BLOCKS = YES;
				GCC_OPTIMIZATION_LEVEL = 0;
				GCC_PREPROCESSOR_DEFINITIONS = (
					"DEBUG=1",
					"$(inherited)",
				);
				GCC_WARN_64_TO_32_BIT_CONVERSION = YES;
				GCC_WARN_ABOUT_RETURN_TYPE = YES_ERROR;
				GCC_WARN_UNDECLARED_SELECTOR = YES;
				GCC_WARN_UNINITIALIZED_AUTOS = YES_AGGRESSIVE;
				GCC_WARN_UNUSED_FUNCTION = YES;
				GCC_WARN_UNUSED_VARIABLE = YES;
				MTL_ENABLE_DEBUG_INFO = INCLUDE_SOURCE;
				MTL_FAST_MATH = YES;
				ONLY_ACTIVE_ARCH = YES;
				SWIFT_ACTIVE_COMPILATION_CONDITIONS = DEBUG;
				SWIFT_OPTIMIZATION_LEVEL = "-Onone";
			};
			name = Debug;
		};
		5AE143A9282217C200BC0E60 /* Release */ = {
			isa = XCBuildConfiguration;
			buildSettings = {
				ALWAYS_SEARCH_USER_PATHS = NO;
				CLANG_ANALYZER_NONNULL = YES;
				CLANG_ANALYZER_NUMBER_OBJECT_CONVERSION = YES_AGGRESSIVE;
				CLANG_CXX_LANGUAGE_STANDARD = "gnu++17";
				CLANG_ENABLE_MODULES = YES;
				CLANG_ENABLE_OBJC_ARC = YES;
				CLANG_ENABLE_OBJC_WEAK = YES;
				CLANG_WARN_BLOCK_CAPTURE_AUTORELEASING = YES;
				CLANG_WARN_BOOL_CONVERSION = YES;
				CLANG_WARN_COMMA = YES;
				CLANG_WARN_CONSTANT_CONVERSION = YES;
				CLANG_WARN_DEPRECATED_OBJC_IMPLEMENTATIONS = YES;
				CLANG_WARN_DIRECT_OBJC_ISA_USAGE = YES_ERROR;
				CLANG_WARN_DOCUMENTATION_COMMENTS = YES;
				CLANG_WARN_EMPTY_BODY = YES;
				CLANG_WARN_ENUM_CONVERSION = YES;
				CLANG_WARN_INFINITE_RECURSION = YES;
				CLANG_WARN_INT_CONVERSION = YES;
				CLANG_WARN_NON_LITERAL_NULL_CONVERSION = YES;
				CLANG_WARN_OBJC_IMPLICIT_RETAIN_SELF = YES;
				CLANG_WARN_OBJC_LITERAL_CONVERSION = YES;
				CLANG_WARN_OBJC_ROOT_CLASS = YES_ERROR;
				CLANG_WARN_QUOTED_INCLUDE_IN_FRAMEWORK_HEADER = YES;
				CLANG_WARN_RANGE_LOOP_ANALYSIS = YES;
				CLANG_WARN_STRICT_PROTOTYPES = YES;
				CLANG_WARN_SUSPICIOUS_MOVE = YES;
				CLANG_WARN_UNGUARDED_AVAILABILITY = YES_AGGRESSIVE;
				CLANG_WARN_UNREACHABLE_CODE = YES;
				CLANG_WARN__DUPLICATE_METHOD_MATCH = YES;
				COPY_PHASE_STRIP = NO;
				DEBUG_INFORMATION_FORMAT = "dwarf-with-dsym";
				ENABLE_NS_ASSERTIONS = NO;
				ENABLE_STRICT_OBJC_MSGSEND = YES;
				GCC_C_LANGUAGE_STANDARD = gnu11;
				GCC_NO_COMMON_BLOCKS = YES;
				GCC_WARN_64_TO_32_BIT_CONVERSION = YES;
				GCC_WARN_ABOUT_RETURN_TYPE = YES_ERROR;
				GCC_WARN_UNDECLARED_SELECTOR = YES;
				GCC_WARN_UNINITIALIZED_AUTOS = YES_AGGRESSIVE;
				GCC_WARN_UNUSED_FUNCTION = YES;
				GCC_WARN_UNUSED_VARIABLE = YES;
				MTL_ENABLE_DEBUG_INFO = NO;
				MTL_FAST_MATH = YES;
				SWIFT_COMPILATION_MODE = wholemodule;
				SWIFT_OPTIMIZATION_LEVEL = "-O";
			};
			name = Release;
		};
		5AE143AB282217C200BC0E60 /* Debug */ = {
			isa = XCBuildConfiguration;
			buildSettings = {
				ASSETCATALOG_COMPILER_APPICON_NAME = AppIcon;
				ASSETCATALOG_COMPILER_GLOBAL_ACCENT_COLOR_NAME = AccentColor;
				CODE_SIGN_STYLE = Automatic;
				CURRENT_PROJECT_VERSION = 1;
				ENABLE_PREVIEWS = YES;
				GENERATE_INFOPLIST_FILE = YES;
				INFOPLIST_KEY_UIApplicationSceneManifest_Generation = YES;
				INFOPLIST_KEY_UIApplicationSupportsIndirectInputEvents = YES;
				INFOPLIST_KEY_UILaunchScreen_Generation = YES;
				INFOPLIST_KEY_UISupportedInterfaceOrientations_iPad = "UIInterfaceOrientationPortrait UIInterfaceOrientationPortraitUpsideDown UIInterfaceOrientationLandscapeLeft UIInterfaceOrientationLandscapeRight";
				INFOPLIST_KEY_UISupportedInterfaceOrientations_iPhone = "UIInterfaceOrientationPortrait UIInterfaceOrientationLandscapeLeft UIInterfaceOrientationLandscapeRight";
				IPHONEOS_DEPLOYMENT_TARGET = 15.4;
				LD_RUNPATH_SEARCH_PATHS = (
					"$(inherited)",
					"@executable_path/Frameworks",
				);
				MARKETING_VERSION = 1.0;
				PRODUCT_BUNDLE_IDENTIFIER = "com.jwmoon.SwiftUI-Practice";
				PRODUCT_NAME = SwiftUI_Practice;
				SDKROOT = iphoneos;
				SWIFT_EMIT_LOC_STRINGS = YES;
				SWIFT_VERSION = 5.0;
				TARGETED_DEVICE_FAMILY = "1,2";
			};
			name = Debug;
		};
		5AE143AC282217C200BC0E60 /* Release */ = {
			isa = XCBuildConfiguration;
			buildSettings = {
				ASSETCATALOG_COMPILER_APPICON_NAME = AppIcon;
				ASSETCATALOG_COMPILER_GLOBAL_ACCENT_COLOR_NAME = AccentColor;
				CODE_SIGN_STYLE = Automatic;
				CURRENT_PROJECT_VERSION = 1;
				ENABLE_PREVIEWS = YES;
				GENERATE_INFOPLIST_FILE = YES;
				INFOPLIST_KEY_UIApplicationSceneManifest_Generation = YES;
				INFOPLIST_KEY_UIApplicationSupportsIndirectInputEvents = YES;
				INFOPLIST_KEY_UILaunchScreen_Generation = YES;
				INFOPLIST_KEY_UISupportedInterfaceOrientations_iPad = "UIInterfaceOrientationPortrait UIInterfaceOrientationPortraitUpsideDown UIInterfaceOrientationLandscapeLeft UIInterfaceOrientationLandscapeRight";
				INFOPLIST_KEY_UISupportedInterfaceOrientations_iPhone = "UIInterfaceOrientationPortrait UIInterfaceOrientationLandscapeLeft UIInterfaceOrientationLandscapeRight";
				IPHONEOS_DEPLOYMENT_TARGET = 15.4;
				LD_RUNPATH_SEARCH_PATHS = (
					"$(inherited)",
					"@executable_path/Frameworks",
				);
				MARKETING_VERSION = 1.0;
				PRODUCT_BUNDLE_IDENTIFIER = "com.jwmoon.SwiftUI-Practice";
				PRODUCT_NAME = SwiftUI_Practice;
				SDKROOT = iphoneos;
				SWIFT_EMIT_LOC_STRINGS = YES;
				SWIFT_VERSION = 5.0;
				TARGETED_DEVICE_FAMILY = "1,2";
				VALIDATE_PRODUCT = YES;
			};
			name = Release;
		};
		5AE143AE282217C200BC0E60 /* Debug */ = {
			isa = XCBuildConfiguration;
			buildSettings = {
				ASSETCATALOG_COMPILER_APPICON_NAME = AppIcon;
				ASSETCATALOG_COMPILER_GLOBAL_ACCENT_COLOR_NAME = AccentColor;
				CODE_SIGN_ENTITLEMENTS = macOS/macOS.entitlements;
				CODE_SIGN_STYLE = Automatic;
				COMBINE_HIDPI_IMAGES = YES;
				CURRENT_PROJECT_VERSION = 1;
				ENABLE_PREVIEWS = YES;
				GENERATE_INFOPLIST_FILE = YES;
				INFOPLIST_KEY_NSHumanReadableCopyright = "";
				LD_RUNPATH_SEARCH_PATHS = (
					"$(inherited)",
					"@executable_path/../Frameworks",
				);
				MACOSX_DEPLOYMENT_TARGET = 12.3;
				MARKETING_VERSION = 1.0;
				PRODUCT_BUNDLE_IDENTIFIER = "com.jwmoon.SwiftUI-Practice";
				PRODUCT_NAME = SwiftUI_Practice;
				SDKROOT = macosx;
				SWIFT_EMIT_LOC_STRINGS = YES;
				SWIFT_VERSION = 5.0;
			};
			name = Debug;
		};
		5AE143AF282217C200BC0E60 /* Release */ = {
			isa = XCBuildConfiguration;
			buildSettings = {
				ASSETCATALOG_COMPILER_APPICON_NAME = AppIcon;
				ASSETCATALOG_COMPILER_GLOBAL_ACCENT_COLOR_NAME = AccentColor;
				CODE_SIGN_ENTITLEMENTS = macOS/macOS.entitlements;
				CODE_SIGN_STYLE = Automatic;
				COMBINE_HIDPI_IMAGES = YES;
				CURRENT_PROJECT_VERSION = 1;
				ENABLE_PREVIEWS = YES;
				GENERATE_INFOPLIST_FILE = YES;
				INFOPLIST_KEY_NSHumanReadableCopyright = "";
				LD_RUNPATH_SEARCH_PATHS = (
					"$(inherited)",
					"@executable_path/../Frameworks",
				);
				MACOSX_DEPLOYMENT_TARGET = 12.3;
				MARKETING_VERSION = 1.0;
				PRODUCT_BUNDLE_IDENTIFIER = "com.jwmoon.SwiftUI-Practice";
				PRODUCT_NAME = SwiftUI_Practice;
				SDKROOT = macosx;
				SWIFT_EMIT_LOC_STRINGS = YES;
				SWIFT_VERSION = 5.0;
			};
			name = Release;
		};
		5AE143B1282217C200BC0E60 /* Debug */ = {
			isa = XCBuildConfiguration;
			buildSettings = {
				ALWAYS_EMBED_SWIFT_STANDARD_LIBRARIES = YES;
				CODE_SIGN_STYLE = Automatic;
				CURRENT_PROJECT_VERSION = 1;
				GENERATE_INFOPLIST_FILE = YES;
				IPHONEOS_DEPLOYMENT_TARGET = 15.4;
				MARKETING_VERSION = 1.0;
				PRODUCT_BUNDLE_IDENTIFIER = "com.jwmoon.Tests-iOS";
				PRODUCT_NAME = "$(TARGET_NAME)";
				SDKROOT = iphoneos;
				SWIFT_EMIT_LOC_STRINGS = NO;
				SWIFT_VERSION = 5.0;
				TARGETED_DEVICE_FAMILY = "1,2";
				TEST_TARGET_NAME = "SwiftUI_Practice (iOS)";
			};
			name = Debug;
		};
		5AE143B2282217C200BC0E60 /* Release */ = {
			isa = XCBuildConfiguration;
			buildSettings = {
				ALWAYS_EMBED_SWIFT_STANDARD_LIBRARIES = YES;
				CODE_SIGN_STYLE = Automatic;
				CURRENT_PROJECT_VERSION = 1;
				GENERATE_INFOPLIST_FILE = YES;
				IPHONEOS_DEPLOYMENT_TARGET = 15.4;
				MARKETING_VERSION = 1.0;
				PRODUCT_BUNDLE_IDENTIFIER = "com.jwmoon.Tests-iOS";
				PRODUCT_NAME = "$(TARGET_NAME)";
				SDKROOT = iphoneos;
				SWIFT_EMIT_LOC_STRINGS = NO;
				SWIFT_VERSION = 5.0;
				TARGETED_DEVICE_FAMILY = "1,2";
				TEST_TARGET_NAME = "SwiftUI_Practice (iOS)";
				VALIDATE_PRODUCT = YES;
			};
			name = Release;
		};
		5AE143B4282217C200BC0E60 /* Debug */ = {
			isa = XCBuildConfiguration;
			buildSettings = {
				ALWAYS_EMBED_SWIFT_STANDARD_LIBRARIES = YES;
				CODE_SIGN_STYLE = Automatic;
				CURRENT_PROJECT_VERSION = 1;
				GENERATE_INFOPLIST_FILE = YES;
				MACOSX_DEPLOYMENT_TARGET = 12.3;
				MARKETING_VERSION = 1.0;
				PRODUCT_BUNDLE_IDENTIFIER = "com.jwmoon.Tests-macOS";
				PRODUCT_NAME = "$(TARGET_NAME)";
				SDKROOT = macosx;
				SWIFT_EMIT_LOC_STRINGS = NO;
				SWIFT_VERSION = 5.0;
				TEST_TARGET_NAME = "SwiftUI_Practice (macOS)";
			};
			name = Debug;
		};
		5AE143B5282217C200BC0E60 /* Release */ = {
			isa = XCBuildConfiguration;
			buildSettings = {
				ALWAYS_EMBED_SWIFT_STANDARD_LIBRARIES = YES;
				CODE_SIGN_STYLE = Automatic;
				CURRENT_PROJECT_VERSION = 1;
				GENERATE_INFOPLIST_FILE = YES;
				MACOSX_DEPLOYMENT_TARGET = 12.3;
				MARKETING_VERSION = 1.0;
				PRODUCT_BUNDLE_IDENTIFIER = "com.jwmoon.Tests-macOS";
				PRODUCT_NAME = "$(TARGET_NAME)";
				SDKROOT = macosx;
				SWIFT_EMIT_LOC_STRINGS = NO;
				SWIFT_VERSION = 5.0;
				TEST_TARGET_NAME = "SwiftUI_Practice (macOS)";
			};
			name = Release;
		};
/* End XCBuildConfiguration section */

/* Begin XCConfigurationList section */
		5AE14378282217C100BC0E60 /* Build configuration list for PBXProject "SwiftUI_Practice" */ = {
			isa = XCConfigurationList;
			buildConfigurations = (
				5AE143A8282217C200BC0E60 /* Debug */,
				5AE143A9282217C200BC0E60 /* Release */,
			);
			defaultConfigurationIsVisible = 0;
			defaultConfigurationName = Release;
		};
		5AE143AA282217C200BC0E60 /* Build configuration list for PBXNativeTarget "SwiftUI_Practice (iOS)" */ = {
			isa = XCConfigurationList;
			buildConfigurations = (
				5AE143AB282217C200BC0E60 /* Debug */,
				5AE143AC282217C200BC0E60 /* Release */,
			);
			defaultConfigurationIsVisible = 0;
			defaultConfigurationName = Release;
		};
		5AE143AD282217C200BC0E60 /* Build configuration list for PBXNativeTarget "SwiftUI_Practice (macOS)" */ = {
			isa = XCConfigurationList;
			buildConfigurations = (
				5AE143AE282217C200BC0E60 /* Debug */,
				5AE143AF282217C200BC0E60 /* Release */,
			);
			defaultConfigurationIsVisible = 0;
			defaultConfigurationName = Release;
		};
		5AE143B0282217C200BC0E60 /* Build configuration list for PBXNativeTarget "Tests iOS" */ = {
			isa = XCConfigurationList;
			buildConfigurations = (
				5AE143B1282217C200BC0E60 /* Debug */,
				5AE143B2282217C200BC0E60 /* Release */,
			);
			defaultConfigurationIsVisible = 0;
			defaultConfigurationName = Release;
		};
		5AE143B3282217C200BC0E60 /* Build configuration list for PBXNativeTarget "Tests macOS" */ = {
			isa = XCConfigurationList;
			buildConfigurations = (
				5AE143B4282217C200BC0E60 /* Debug */,
				5AE143B5282217C200BC0E60 /* Release */,
			);
			defaultConfigurationIsVisible = 0;
			defaultConfigurationName = Release;
		};
/* End XCConfigurationList section */
	};
	rootObject = 5AE14375282217C100BC0E60 /* Project object */;
}
